
Microsoft Visual Studio Solution File, Format Version 12.00
# Visual Studio 2013
VisualStudioVersion = 12.0.21005.1
MinimumVisualStudioVersion = 10.0.40219.1
Project("{FAE04EC0-301F-11D3-BF4B-00C04F79EFBC}") = "MyMicroStationTools", "MyMicroStationTools\MyMicroStationTools.csproj", "{DE86886E-3657-4EA5-B574-8FA065E3CC5B}"
EndProject
Project("{FAE04EC0-301F-11D3-BF4B-00C04F79EFBC}") = "Nlic.MicroStation.Interop", "Nlic.MicroStation.Interop\Nlic.MicroStation.Interop\Nlic.MicroStation.Interop.csproj", "{23151F46-1331-4FBA-BD7C-935F18F63C9B}"
EndProject
Global
	GlobalSection(SolutionConfigurationPlatforms) = preSolution
		Debug|Any CPU = Debug|Any CPU
		Release|Any CPU = Release|Any CPU
	EndGlobalSection
	GlobalSection(ProjectConfigurationPlatforms) = postSolution
		{DE86886E-3657-4EA5-B574-8FA065E3CC5B}.Debug|Any CPU.ActiveCfg = Debug|Any CPU
		{DE86886E-3657-4EA5-B574-8FA065E3CC5B}.Debug|Any CPU.Build.0 = Debug|Any CPU
		{DE86886E-3657-4EA5-B574-8FA065E3CC5B}.Release|Any CPU.ActiveCfg = Debug|Any CPU
		{DE86886E-3657-4EA5-B574-8FA065E3CC5B}.Release|Any CPU.Build.0 = Debug|Any CPU
		{23151F46-1331-4FBA-BD7C-935F18F63C9B}.Debug|Any CPU.ActiveCfg = Debug|Any CPU
		{23151F46-1331-4FBA-BD7C-935F18F63C9B}.Debug|Any CPU.Build.0 = Debug|Any CPU
		{23151F46-1331-4FBA-BD7C-935F18F63C9B}.Release|Any CPU.ActiveCfg = Release|Any CPU
		{23151F46-1331-4FBA-BD7C-935F18F63C9B}.Release|Any CPU.Build.0 = Release|Any CPU
	EndGlobalSection
	GlobalSection(SolutionProperties) = preSolution
		HideSolutionNode = FALSE
	EndGlobalSection
EndGlobal
